
Microsoft Visual Studio Solution File, Format Version 12.00
# Visual Studio Version 17
VisualStudioVersion = 17.11.35222.181
MinimumVisualStudioVersion = 10.0.40219.1
Project("{FAE04EC0-301F-11D3-BF4B-00C04F79EFBC}") = "ToDoListWeb", "ToDoListWeb\ToDoListWeb.csproj", "{65D9C6E0-1F6B-4261-9C54-57DFF609B8EB}"
EndProject
Global
	GlobalSection(SolutionConfigurationPlatforms) = preSolution
		Debug|Any CPU = Debug|Any CPU
		Release|Any CPU = Release|Any CPU
	EndGlobalSection
	GlobalSection(ProjectConfigurationPlatforms) = postSolution
		{65D9C6E0-1F6B-4261-9C54-57DFF609B8EB}.Debug|Any CPU.ActiveCfg = Debug|Any CPU
		{65D9C6E0-1F6B-4261-9C54-57DFF609B8EB}.Debug|Any CPU.Build.0 = Debug|Any CPU
		{65D9C6E0-1F6B-4261-9C54-57DFF609B8EB}.Release|Any CPU.ActiveCfg = Release|Any CPU
		{65D9C6E0-1F6B-4261-9C54-57DFF609B8EB}.Release|Any CPU.Build.0 = Release|Any CPU
	EndGlobalSection
	GlobalSection(SolutionProperties) = preSolution
		HideSolutionNode = FALSE
	EndGlobalSection
	GlobalSection(ExtensibilityGlobals) = postSolution
		SolutionGuid = {AFC406D4-A002-4D78-9D89-7ACDD0F24D97}
	EndGlobalSection
EndGlobal
